// !$*UTF8*$!
{
	archiveVersion = 1;
	classes = {
	};
	objectVersion = 46;
	objects = {

/* Begin PBXBuildFile section */
		184703761B12999500128681 /* ofxOpenNI.cpp in Sources */ = {isa = PBXBuildFile; fileRef = 184703431B12999500128681 /* ofxOpenNI.cpp */; };
		184703771B12999500128681 /* ofxOpenNITypes.cpp in Sources */ = {isa = PBXBuildFile; fileRef = 184703451B12999500128681 /* ofxOpenNITypes.cpp */; };
		18F8C48D1B12C3D200D2D61A /* libnimCodecs.dylib in Frameworks */ = {isa = PBXBuildFile; fileRef = 18F8C47F1B12C3D200D2D61A /* libnimCodecs.dylib */; };
		18F8C48E1B12C3D200D2D61A /* libnimMockNodes.dylib in Frameworks */ = {isa = PBXBuildFile; fileRef = 18F8C4801B12C3D200D2D61A /* libnimMockNodes.dylib */; };
		18F8C48F1B12C3D200D2D61A /* libnimRecorder.dylib in Frameworks */ = {isa = PBXBuildFile; fileRef = 18F8C4811B12C3D200D2D61A /* libnimRecorder.dylib */; };
		18F8C4901B12C3D200D2D61A /* libOpenNI.dylib in Frameworks */ = {isa = PBXBuildFile; fileRef = 18F8C4821B12C3D200D2D61A /* libOpenNI.dylib */; };
		18F8C4911B12C3D200D2D61A /* libusb-1.0.0.dylib in Frameworks */ = {isa = PBXBuildFile; fileRef = 18F8C4831B12C3D200D2D61A /* libusb-1.0.0.dylib */; };
		18F8C4921B12C3D200D2D61A /* libXnCore.dylib in Frameworks */ = {isa = PBXBuildFile; fileRef = 18F8C4841B12C3D200D2D61A /* libXnCore.dylib */; };
		18F8C4931B12C3D200D2D61A /* libXnDDK.dylib in Frameworks */ = {isa = PBXBuildFile; fileRef = 18F8C4851B12C3D200D2D61A /* libXnDDK.dylib */; };
		18F8C4941B12C3D200D2D61A /* libXnDeviceFile.dylib in Frameworks */ = {isa = PBXBuildFile; fileRef = 18F8C4861B12C3D200D2D61A /* libXnDeviceFile.dylib */; };
		18F8C4951B12C3D200D2D61A /* libXnDeviceSensorV2KM.dylib in Frameworks */ = {isa = PBXBuildFile; fileRef = 18F8C4871B12C3D200D2D61A /* libXnDeviceSensorV2KM.dylib */; };
		18F8C4961B12C3D200D2D61A /* libXnFormats.dylib in Frameworks */ = {isa = PBXBuildFile; fileRef = 18F8C4881B12C3D200D2D61A /* libXnFormats.dylib */; };
		18F8C4971B12C3D200D2D61A /* libXnVCNITE_1_5_2.dylib in Frameworks */ = {isa = PBXBuildFile; fileRef = 18F8C4891B12C3D200D2D61A /* libXnVCNITE_1_5_2.dylib */; };
		18F8C4981B12C3D200D2D61A /* libXnVFeatures_1_5_2.dylib in Frameworks */ = {isa = PBXBuildFile; fileRef = 18F8C48A1B12C3D200D2D61A /* libXnVFeatures_1_5_2.dylib */; };
		18F8C4991B12C3D200D2D61A /* libXnVHandGenerator_1_5_2.dylib in Frameworks */ = {isa = PBXBuildFile; fileRef = 18F8C48B1B12C3D200D2D61A /* libXnVHandGenerator_1_5_2.dylib */; };
		18F8C49A1B12C3D200D2D61A /* libXnVNite_1_5_2.dylib in Frameworks */ = {isa = PBXBuildFile; fileRef = 18F8C48C1B12C3D200D2D61A /* libXnVNite_1_5_2.dylib */; };
		BBAB23CB13894F3D00AA2426 /* GLUT.framework in CopyFiles */ = {isa = PBXBuildFile; fileRef = BBAB23BE13894E4700AA2426 /* GLUT.framework */; };
		E4328149138ABC9F0047C5CB /* openFrameworksDebug.a in Frameworks */ = {isa = PBXBuildFile; fileRef = E4328148138ABC890047C5CB /* openFrameworksDebug.a */; };
		E45BE97B0E8CC7DD009D7055 /* AGL.framework in Frameworks */ = {isa = PBXBuildFile; fileRef = E45BE9710E8CC7DD009D7055 /* AGL.framework */; };
		E45BE97C0E8CC7DD009D7055 /* ApplicationServices.framework in Frameworks */ = {isa = PBXBuildFile; fileRef = E45BE9720E8CC7DD009D7055 /* ApplicationServices.framework */; };
		E45BE97D0E8CC7DD009D7055 /* AudioToolbox.framework in Frameworks */ = {isa = PBXBuildFile; fileRef = E45BE9730E8CC7DD009D7055 /* AudioToolbox.framework */; };
		E45BE97F0E8CC7DD009D7055 /* CoreAudio.framework in Frameworks */ = {isa = PBXBuildFile; fileRef = E45BE9750E8CC7DD009D7055 /* CoreAudio.framework */; };
		E45BE9800E8CC7DD009D7055 /* CoreFoundation.framework in Frameworks */ = {isa = PBXBuildFile; fileRef = E45BE9760E8CC7DD009D7055 /* CoreFoundation.framework */; };
		E45BE9810E8CC7DD009D7055 /* CoreServices.framework in Frameworks */ = {isa = PBXBuildFile; fileRef = E45BE9770E8CC7DD009D7055 /* CoreServices.framework */; };
		E45BE9830E8CC7DD009D7055 /* OpenGL.framework in Frameworks */ = {isa = PBXBuildFile; fileRef = E45BE9790E8CC7DD009D7055 /* OpenGL.framework */; };
		E45BE9840E8CC7DD009D7055 /* QuickTime.framework in Frameworks */ = {isa = PBXBuildFile; fileRef = E45BE97A0E8CC7DD009D7055 /* QuickTime.framework */; };
		E4B69E200A3A1BDC003C02F2 /* main.cpp in Sources */ = {isa = PBXBuildFile; fileRef = E4B69E1D0A3A1BDC003C02F2 /* main.cpp */; };
		E4B69E210A3A1BDC003C02F2 /* ofApp.cpp in Sources */ = {isa = PBXBuildFile; fileRef = E4B69E1E0A3A1BDC003C02F2 /* ofApp.cpp */; };
		E4C2424710CC5A17004149E2 /* AppKit.framework in Frameworks */ = {isa = PBXBuildFile; fileRef = E4C2424410CC5A17004149E2 /* AppKit.framework */; };
		E4C2424810CC5A17004149E2 /* Cocoa.framework in Frameworks */ = {isa = PBXBuildFile; fileRef = E4C2424510CC5A17004149E2 /* Cocoa.framework */; };
		E4C2424910CC5A17004149E2 /* IOKit.framework in Frameworks */ = {isa = PBXBuildFile; fileRef = E4C2424610CC5A17004149E2 /* IOKit.framework */; };
		E4EB6799138ADC1D00A09F29 /* GLUT.framework in Frameworks */ = {isa = PBXBuildFile; fileRef = BBAB23BE13894E4700AA2426 /* GLUT.framework */; };
		E7E077E515D3B63C0020DFD4 /* CoreVideo.framework in Frameworks */ = {isa = PBXBuildFile; fileRef = E7E077E415D3B63C0020DFD4 /* CoreVideo.framework */; };
		E7E077E815D3B6510020DFD4 /* QTKit.framework in Frameworks */ = {isa = PBXBuildFile; fileRef = E7E077E715D3B6510020DFD4 /* QTKit.framework */; };
		E7F985F815E0DEA3003869B5 /* Accelerate.framework in Frameworks */ = {isa = PBXBuildFile; fileRef = E7F985F515E0DE99003869B5 /* Accelerate.framework */; };
/* End PBXBuildFile section */

/* Begin PBXContainerItemProxy section */
		E4328147138ABC890047C5CB /* PBXContainerItemProxy */ = {
			isa = PBXContainerItemProxy;
			containerPortal = E4328143138ABC890047C5CB /* openFrameworksLib.xcodeproj */;
			proxyType = 2;
			remoteGlobalIDString = E4B27C1510CBEB8E00536013;
			remoteInfo = openFrameworks;
		};
		E4EEB9AB138B136A00A80321 /* PBXContainerItemProxy */ = {
			isa = PBXContainerItemProxy;
			containerPortal = E4328143138ABC890047C5CB /* openFrameworksLib.xcodeproj */;
			proxyType = 1;
			remoteGlobalIDString = E4B27C1410CBEB8E00536013;
			remoteInfo = openFrameworks;
		};
/* End PBXContainerItemProxy section */

/* Begin PBXCopyFilesBuildPhase section */
		E4C2427710CC5ABF004149E2 /* CopyFiles */ = {
			isa = PBXCopyFilesBuildPhase;
			buildActionMask = 2147483647;
			dstPath = "";
			dstSubfolderSpec = 10;
			files = (
				BBAB23CB13894F3D00AA2426 /* GLUT.framework in CopyFiles */,
			);
			runOnlyForDeploymentPostprocessing = 0;
		};
/* End PBXCopyFilesBuildPhase section */

/* Begin PBXFileReference section */
		184702A51B12999500128681 /* libusb.h */ = {isa = PBXFileReference; fileEncoding = 4; lastKnownFileType = sourcecode.c.h; path = libusb.h; sourceTree = "<group>"; };
		184702A71B12999500128681 /* XnCommon.h */ = {isa = PBXFileReference; fileEncoding = 4; lastKnownFileType = sourcecode.c.h; path = XnCommon.h; sourceTree = "<group>"; };
		184702A81B12999500128681 /* XnV3DVector.h */ = {isa = PBXFileReference; fileEncoding = 4; lastKnownFileType = sourcecode.c.h; path = XnV3DVector.h; sourceTree = "<group>"; };
		184702A91B12999500128681 /* XnVActivationMessage.h */ = {isa = PBXFileReference; fileEncoding = 4; lastKnownFileType = sourcecode.c.h; path = XnVActivationMessage.h; sourceTree = "<group>"; };
		184702AA1B12999500128681 /* XnVBroadcaster.h */ = {isa = PBXFileReference; fileEncoding = 4; lastKnownFileType = sourcecode.c.h; path = XnVBroadcaster.h; sourceTree = "<group>"; };
		184702AB1B12999500128681 /* XnVCCMessage.h */ = {isa = PBXFileReference; fileEncoding = 4; lastKnownFileType = sourcecode.c.h; path = XnVCCMessage.h; sourceTree = "<group>"; };
		184702AC1B12999500128681 /* XnVCircle.h */ = {isa = PBXFileReference; fileEncoding = 4; lastKnownFileType = sourcecode.c.h; path = XnVCircle.h; sourceTree = "<group>"; };
		184702AD1B12999500128681 /* XnVCircleDetector.h */ = {isa = PBXFileReference; fileEncoding = 4; lastKnownFileType = sourcecode.c.h; path = XnVCircleDetector.h; sourceTree = "<group>"; };
		184702AE1B12999500128681 /* XnVClickableVirtualPlane.h */ = {isa = PBXFileReference; fileEncoding = 4; lastKnownFileType = sourcecode.c.h; path = XnVClickableVirtualPlane.h; sourceTree = "<group>"; };
		184702AF1B12999500128681 /* XnVComplexMessage.h */ = {isa = PBXFileReference; fileEncoding = 4; lastKnownFileType = sourcecode.c.h; path = XnVComplexMessage.h; sourceTree = "<group>"; };
		184702B01B12999500128681 /* XnVDepthControl.h */ = {isa = PBXFileReference; fileEncoding = 4; lastKnownFileType = sourcecode.c.h; path = XnVDepthControl.h; sourceTree = "<group>"; };
		184702B11B12999500128681 /* XnVDepthGenerator.h */ = {isa = PBXFileReference; fileEncoding = 4; lastKnownFileType = sourcecode.c.h; path = XnVDepthGenerator.h; sourceTree = "<group>"; };
		184702B21B12999500128681 /* XnVDepthMessage.h */ = {isa = PBXFileReference; fileEncoding = 4; lastKnownFileType = sourcecode.c.h; path = XnVDepthMessage.h; sourceTree = "<group>"; };
		184702B31B12999500128681 /* XnVDeviceControl.h */ = {isa = PBXFileReference; fileEncoding = 4; lastKnownFileType = sourcecode.c.h; path = XnVDeviceControl.h; sourceTree = "<group>"; };
		184702B41B12999500128681 /* XnVDeviceFilter.h */ = {isa = PBXFileReference; fileEncoding = 4; lastKnownFileType = sourcecode.c.h; path = XnVDeviceFilter.h; sourceTree = "<group>"; };
		184702B51B12999500128681 /* XnVDeviceGenerator.h */ = {isa = PBXFileReference; fileEncoding = 4; lastKnownFileType = sourcecode.c.h; path = XnVDeviceGenerator.h; sourceTree = "<group>"; };
		184702B61B12999500128681 /* XnVDeviceMessage.h */ = {isa = PBXFileReference; fileEncoding = 4; lastKnownFileType = sourcecode.c.h; path = XnVDeviceMessage.h; sourceTree = "<group>"; };
		184702B71B12999500128681 /* XnVDirection.h */ = {isa = PBXFileReference; fileEncoding = 4; lastKnownFileType = sourcecode.c.h; path = XnVDirection.h; sourceTree = "<group>"; };
		184702B81B12999500128681 /* XnVFilter.h */ = {isa = PBXFileReference; fileEncoding = 4; lastKnownFileType = sourcecode.c.h; path = XnVFilter.h; sourceTree = "<group>"; };
		184702B91B12999500128681 /* XnVFlowRouter.h */ = {isa = PBXFileReference; fileEncoding = 4; lastKnownFileType = sourcecode.c.h; path = XnVFlowRouter.h; sourceTree = "<group>"; };
		184702BA1B12999500128681 /* XnVGesture.h */ = {isa = PBXFileReference; fileEncoding = 4; lastKnownFileType = sourcecode.c.h; path = XnVGesture.h; sourceTree = "<group>"; };
		184702BB1B12999500128681 /* XnVHandle.h */ = {isa = PBXFileReference; fileEncoding = 4; lastKnownFileType = sourcecode.c.h; path = XnVHandle.h; sourceTree = "<group>"; };
		184702BC1B12999500128681 /* XnVHandPointContext.h */ = {isa = PBXFileReference; fileEncoding = 4; lastKnownFileType = sourcecode.c.h; path = XnVHandPointContext.h; sourceTree = "<group>"; };
		184702BD1B12999500128681 /* XnVImageGenerator.h */ = {isa = PBXFileReference; fileEncoding = 4; lastKnownFileType = sourcecode.c.h; path = XnVImageGenerator.h; sourceTree = "<group>"; };
		184702BE1B12999500128681 /* XnVImageMessage.h */ = {isa = PBXFileReference; fileEncoding = 4; lastKnownFileType = sourcecode.c.h; path = XnVImageMessage.h; sourceTree = "<group>"; };
		184702BF1B12999500128681 /* XnVMathCommon.h */ = {isa = PBXFileReference; fileEncoding = 4; lastKnownFileType = sourcecode.c.h; path = XnVMathCommon.h; sourceTree = "<group>"; };
		184702C01B12999500128681 /* XnVMessage.h */ = {isa = PBXFileReference; fileEncoding = 4; lastKnownFileType = sourcecode.c.h; path = XnVMessage.h; sourceTree = "<group>"; };
		184702C11B12999500128681 /* XnVMessageGenerator.h */ = {isa = PBXFileReference; fileEncoding = 4; lastKnownFileType = sourcecode.c.h; path = XnVMessageGenerator.h; sourceTree = "<group>"; };
		184702C21B12999500128681 /* XnVMessageListener.h */ = {isa = PBXFileReference; fileEncoding = 4; lastKnownFileType = sourcecode.c.h; path = XnVMessageListener.h; sourceTree = "<group>"; };
		184702C31B12999500128681 /* XnVMessageMux.h */ = {isa = PBXFileReference; fileEncoding = 4; lastKnownFileType = sourcecode.c.h; path = XnVMessageMux.h; sourceTree = "<group>"; };
		184702C41B12999500128681 /* XnVMultiItemHysteresis1D.h */ = {isa = PBXFileReference; fileEncoding = 4; lastKnownFileType = sourcecode.c.h; path = XnVMultiItemHysteresis1D.h; sourceTree = "<group>"; };
		184702C51B12999500128681 /* XnVMultiItemHysteresis2D.h */ = {isa = PBXFileReference; fileEncoding = 4; lastKnownFileType = sourcecode.c.h; path = XnVMultiItemHysteresis2D.h; sourceTree = "<group>"; };
		184702C61B12999500128681 /* XnVMultipleHands.h */ = {isa = PBXFileReference; fileEncoding = 4; lastKnownFileType = sourcecode.c.h; path = XnVMultipleHands.h; sourceTree = "<group>"; };
		184702C71B12999500128681 /* XnVMultiProcessFlowClient.h */ = {isa = PBXFileReference; fileEncoding = 4; lastKnownFileType = sourcecode.c.h; path = XnVMultiProcessFlowClient.h; sourceTree = "<group>"; };
		184702C81B12999500128681 /* XnVMultiProcessFlowServer.h */ = {isa = PBXFileReference; fileEncoding = 4; lastKnownFileType = sourcecode.c.h; path = XnVMultiProcessFlowServer.h; sourceTree = "<group>"; };
		184702C91B12999500128681 /* XnVNite.h */ = {isa = PBXFileReference; fileEncoding = 4; lastKnownFileType = sourcecode.c.h; path = XnVNite.h; sourceTree = "<group>"; };
		184702CA1B12999500128681 /* XnVNiteControls.h */ = {isa = PBXFileReference; fileEncoding = 4; lastKnownFileType = sourcecode.c.h; path = XnVNiteControls.h; sourceTree = "<group>"; };
		184702CB1B12999500128681 /* XnVNiteDefs.h */ = {isa = PBXFileReference; fileEncoding = 4; lastKnownFileType = sourcecode.c.h; path = XnVNiteDefs.h; sourceTree = "<group>"; };
		184702CC1B12999500128681 /* XnVNiteFramework.h */ = {isa = PBXFileReference; fileEncoding = 4; lastKnownFileType = sourcecode.c.h; path = XnVNiteFramework.h; sourceTree = "<group>"; };
		184702CD1B12999500128681 /* XnVNiteLog.h */ = {isa = PBXFileReference; fileEncoding = 4; lastKnownFileType = sourcecode.c.h; path = XnVNiteLog.h; sourceTree = "<group>"; };
		184702CE1B12999500128681 /* XnVNiteStatus.h */ = {isa = PBXFileReference; fileEncoding = 4; lastKnownFileType = sourcecode.c.h; path = XnVNiteStatus.h; sourceTree = "<group>"; };
		184702CF1B12999500128681 /* XnVNiteVersion.h */ = {isa = PBXFileReference; fileEncoding = 4; lastKnownFileType = sourcecode.c.h; path = XnVNiteVersion.h; sourceTree = "<group>"; };
		184702D01B12999500128681 /* XnVPointArea.h */ = {isa = PBXFileReference; fileEncoding = 4; lastKnownFileType = sourcecode.c.h; path = XnVPointArea.h; sourceTree = "<group>"; };
		184702D11B12999500128681 /* XnVPointControl.h */ = {isa = PBXFileReference; fileEncoding = 4; lastKnownFileType = sourcecode.c.h; path = XnVPointControl.h; sourceTree = "<group>"; };
		184702D21B12999500128681 /* XnVPointDenoiser.h */ = {isa = PBXFileReference; fileEncoding = 4; lastKnownFileType = sourcecode.c.h; path = XnVPointDenoiser.h; sourceTree = "<group>"; };
		184702D31B12999500128681 /* XnVPointFilter.h */ = {isa = PBXFileReference; fileEncoding = 4; lastKnownFileType = sourcecode.c.h; path = XnVPointFilter.h; sourceTree = "<group>"; };
		184702D41B12999500128681 /* XnVPointMessage.h */ = {isa = PBXFileReference; fileEncoding = 4; lastKnownFileType = sourcecode.c.h; path = XnVPointMessage.h; sourceTree = "<group>"; };
		184702D51B12999500128681 /* XnVPointTracker.h */ = {isa = PBXFileReference; fileEncoding = 4; lastKnownFileType = sourcecode.c.h; path = XnVPointTracker.h; sourceTree = "<group>"; };
		184702D61B12999500128681 /* XnVPushDetector.h */ = {isa = PBXFileReference; fileEncoding = 4; lastKnownFileType = sourcecode.c.h; path = XnVPushDetector.h; sourceTree = "<group>"; };
		184702D71B12999500128681 /* XnVSelectableSlider1D.h */ = {isa = PBXFileReference; fileEncoding = 4; lastKnownFileType = sourcecode.c.h; path = XnVSelectableSlider1D.h; sourceTree = "<group>"; };
		184702D81B12999500128681 /* XnVSelectableSlider2D.h */ = {isa = PBXFileReference; fileEncoding = 4; lastKnownFileType = sourcecode.c.h; path = XnVSelectableSlider2D.h; sourceTree = "<group>"; };
		184702D91B12999500128681 /* XnVSessionGenerator.h */ = {isa = PBXFileReference; fileEncoding = 4; lastKnownFileType = sourcecode.c.h; path = XnVSessionGenerator.h; sourceTree = "<group>"; };
		184702DA1B12999500128681 /* XnVSessionListener.h */ = {isa = PBXFileReference; fileEncoding = 4; lastKnownFileType = sourcecode.c.h; path = XnVSessionListener.h; sourceTree = "<group>"; };
		184702DB1B12999500128681 /* XnVSessionManager.h */ = {isa = PBXFileReference; fileEncoding = 4; lastKnownFileType = sourcecode.c.h; path = XnVSessionManager.h; sourceTree = "<group>"; };
		184702DC1B12999500128681 /* XnVSessionMessage.h */ = {isa = PBXFileReference; fileEncoding = 4; lastKnownFileType = sourcecode.c.h; path = XnVSessionMessage.h; sourceTree = "<group>"; };
		184702DD1B12999500128681 /* XnVSlider1D.h */ = {isa = PBXFileReference; fileEncoding = 4; lastKnownFileType = sourcecode.c.h; path = XnVSlider1D.h; sourceTree = "<group>"; };
		184702DE1B12999500128681 /* XnVSlider2D.h */ = {isa = PBXFileReference; fileEncoding = 4; lastKnownFileType = sourcecode.c.h; path = XnVSlider2D.h; sourceTree = "<group>"; };
		184702DF1B12999500128681 /* XnVSlider3D.h */ = {isa = PBXFileReference; fileEncoding = 4; lastKnownFileType = sourcecode.c.h; path = XnVSlider3D.h; sourceTree = "<group>"; };
		184702E01B12999500128681 /* XnVSteadyDetector.h */ = {isa = PBXFileReference; fileEncoding = 4; lastKnownFileType = sourcecode.c.h; path = XnVSteadyDetector.h; sourceTree = "<group>"; };
		184702E11B12999500128681 /* XnVSwipeDetector.h */ = {isa = PBXFileReference; fileEncoding = 4; lastKnownFileType = sourcecode.c.h; path = XnVSwipeDetector.h; sourceTree = "<group>"; };
		184702E21B12999500128681 /* XnVVirtualCoordinates.h */ = {isa = PBXFileReference; fileEncoding = 4; lastKnownFileType = sourcecode.c.h; path = XnVVirtualCoordinates.h; sourceTree = "<group>"; };
		184702E31B12999500128681 /* XnVWaveDetector.h */ = {isa = PBXFileReference; fileEncoding = 4; lastKnownFileType = sourcecode.c.h; path = XnVWaveDetector.h; sourceTree = "<group>"; };
		184702E61B12999500128681 /* XnPlatformAndroid-Arm.h */ = {isa = PBXFileReference; fileEncoding = 4; lastKnownFileType = sourcecode.c.h; path = "XnPlatformAndroid-Arm.h"; sourceTree = "<group>"; };
		184702E81B12999500128681 /* XnOSARC.h */ = {isa = PBXFileReference; fileEncoding = 4; lastKnownFileType = sourcecode.c.h; path = XnOSARC.h; sourceTree = "<group>"; };
		184702E91B12999500128681 /* XnPlatformARC.h */ = {isa = PBXFileReference; fileEncoding = 4; lastKnownFileType = sourcecode.c.h; path = XnPlatformARC.h; sourceTree = "<group>"; };
		184702EA1B12999500128681 /* IXnNodeAllocator.h */ = {isa = PBXFileReference; fileEncoding = 4; lastKnownFileType = sourcecode.c.h; path = IXnNodeAllocator.h; sourceTree = "<group>"; };
		184702EC1B12999500128681 /* XnPlatformLinux-Arm.h */ = {isa = PBXFileReference; fileEncoding = 4; lastKnownFileType = sourcecode.c.h; path = "XnPlatformLinux-Arm.h"; sourceTree = "<group>"; };
		184702EE1B12999500128681 /* XnOSLinux-x86.h */ = {isa = PBXFileReference; fileEncoding = 4; lastKnownFileType = sourcecode.c.h; path = "XnOSLinux-x86.h"; sourceTree = "<group>"; };
		184702EF1B12999500128681 /* XnPlatformLinux-x86.h */ = {isa = PBXFileReference; fileEncoding = 4; lastKnownFileType = sourcecode.c.h; path = "XnPlatformLinux-x86.h"; sourceTree = "<group>"; };
		184702F11B12999500128681 /* XnPlatformMacOSX.h */ = {isa = PBXFileReference; fileEncoding = 4; lastKnownFileType = sourcecode.c.h; path = XnPlatformMacOSX.h; sourceTree = "<group>"; };
		184702F31B12999500128681 /* usb100.h */ = {isa = PBXFileReference; fileEncoding = 4; lastKnownFileType = sourcecode.c.h; path = usb100.h; sourceTree = "<group>"; };
		184702F41B12999500128681 /* XnOSWin32.h */ = {isa = PBXFileReference; fileEncoding = 4; lastKnownFileType = sourcecode.c.h; path = XnOSWin32.h; sourceTree = "<group>"; };
		184702F51B12999500128681 /* XnPlatformWin32.h */ = {isa = PBXFileReference; fileEncoding = 4; lastKnownFileType = sourcecode.c.h; path = XnPlatformWin32.h; sourceTree = "<group>"; };
		184702F61B12999500128681 /* XnAlgorithms.h */ = {isa = PBXFileReference; fileEncoding = 4; lastKnownFileType = sourcecode.c.h; path = XnAlgorithms.h; sourceTree = "<group>"; };
		184702F71B12999500128681 /* XnArray.h */ = {isa = PBXFileReference; fileEncoding = 4; lastKnownFileType = sourcecode.c.h; path = XnArray.h; sourceTree = "<group>"; };
		184702F81B12999500128681 /* XnBaseNode.h */ = {isa = PBXFileReference; fileEncoding = 4; lastKnownFileType = sourcecode.c.h; path = XnBaseNode.h; sourceTree = "<group>"; };
		184702F91B12999500128681 /* XnBitSet.h */ = {isa = PBXFileReference; fileEncoding = 4; lastKnownFileType = sourcecode.c.h; path = XnBitSet.h; sourceTree = "<group>"; };
		184702FA1B12999500128681 /* XnCallback.h */ = {isa = PBXFileReference; fileEncoding = 4; lastKnownFileType = sourcecode.c.h; path = XnCallback.h; sourceTree = "<group>"; };
		184702FB1B12999500128681 /* XnCodecIDs.h */ = {isa = PBXFileReference; fileEncoding = 4; lastKnownFileType = sourcecode.c.h; path = XnCodecIDs.h; sourceTree = "<group>"; };
		184702FC1B12999500128681 /* XnContext.h */ = {isa = PBXFileReference; fileEncoding = 4; lastKnownFileType = sourcecode.c.h; path = XnContext.h; sourceTree = "<group>"; };
		184702FD1B12999500128681 /* XnCppWrapper.h */ = {isa = PBXFileReference; fileEncoding = 4; lastKnownFileType = sourcecode.c.h; path = XnCppWrapper.h; sourceTree = "<group>"; };
		184702FE1B12999500128681 /* XnDataTypes.h */ = {isa = PBXFileReference; fileEncoding = 4; lastKnownFileType = sourcecode.c.h; path = XnDataTypes.h; sourceTree = "<group>"; };
		184702FF1B12999500128681 /* XnDerivedCast.h */ = {isa = PBXFileReference; fileEncoding = 4; lastKnownFileType = sourcecode.c.h; path = XnDerivedCast.h; sourceTree = "<group>"; };
		184703001B12999500128681 /* XnDump.h */ = {isa = PBXFileReference; fileEncoding = 4; lastKnownFileType = sourcecode.c.h; path = XnDump.h; sourceTree = "<group>"; };
		184703011B12999500128681 /* XnDumpWriters.h */ = {isa = PBXFileReference; fileEncoding = 4; lastKnownFileType = sourcecode.c.h; path = XnDumpWriters.h; sourceTree = "<group>"; };
		184703021B12999500128681 /* XnEnumerationErrors.h */ = {isa = PBXFileReference; fileEncoding = 4; lastKnownFileType = sourcecode.c.h; path = XnEnumerationErrors.h; sourceTree = "<group>"; };
		184703031B12999500128681 /* XnEvent.h */ = {isa = PBXFileReference; fileEncoding = 4; lastKnownFileType = sourcecode.c.h; path = XnEvent.h; sourceTree = "<group>"; };
		184703041B12999500128681 /* XnFPSCalculator.h */ = {isa = PBXFileReference; fileEncoding = 4; lastKnownFileType = sourcecode.c.h; path = XnFPSCalculator.h; sourceTree = "<group>"; };
		184703051B12999500128681 /* XnGeneralBuffer.h */ = {isa = PBXFileReference; fileEncoding = 4; lastKnownFileType = sourcecode.c.h; path = XnGeneralBuffer.h; sourceTree = "<group>"; };
		184703061B12999500128681 /* XnHash.h */ = {isa = PBXFileReference; fileEncoding = 4; lastKnownFileType = sourcecode.c.h; path = XnHash.h; sourceTree = "<group>"; };
		184703071B12999500128681 /* XnInternalDefs.h */ = {isa = PBXFileReference; fileEncoding = 4; lastKnownFileType = sourcecode.c.h; path = XnInternalDefs.h; sourceTree = "<group>"; };
		184703081B12999500128681 /* XnLicensing.h */ = {isa = PBXFileReference; fileEncoding = 4; lastKnownFileType = sourcecode.c.h; path = XnLicensing.h; sourceTree = "<group>"; };
		184703091B12999500128681 /* XnList.h */ = {isa = PBXFileReference; fileEncoding = 4; lastKnownFileType = sourcecode.c.h; path = XnList.h; sourceTree = "<group>"; };
		1847030A1B12999500128681 /* XnLog.h */ = {isa = PBXFileReference; fileEncoding = 4; lastKnownFileType = sourcecode.c.h; path = XnLog.h; sourceTree = "<group>"; };
		1847030B1B12999500128681 /* XnLogTypes.h */ = {isa = PBXFileReference; fileEncoding = 4; lastKnownFileType = sourcecode.c.h; path = XnLogTypes.h; sourceTree = "<group>"; };
		1847030C1B12999500128681 /* XnLogWriterBase.h */ = {isa = PBXFileReference; fileEncoding = 4; lastKnownFileType = sourcecode.c.h; path = XnLogWriterBase.h; sourceTree = "<group>"; };
		1847030D1B12999500128681 /* XnMacros.h */ = {isa = PBXFileReference; fileEncoding = 4; lastKnownFileType = sourcecode.c.h; path = XnMacros.h; sourceTree = "<group>"; };
		1847030E1B12999500128681 /* XnModuleCFunctions.h */ = {isa = PBXFileReference; fileEncoding = 4; lastKnownFileType = sourcecode.c.h; path = XnModuleCFunctions.h; sourceTree = "<group>"; };
		1847030F1B12999500128681 /* XnModuleCppInterface.h */ = {isa = PBXFileReference; fileEncoding = 4; lastKnownFileType = sourcecode.c.h; path = XnModuleCppInterface.h; sourceTree = "<group>"; };
		184703101B12999500128681 /* XnModuleCppRegistratration.h */ = {isa = PBXFileReference; fileEncoding = 4; lastKnownFileType = sourcecode.c.h; path = XnModuleCppRegistratration.h; sourceTree = "<group>"; };
		184703111B12999500128681 /* XnModuleInterface.h */ = {isa = PBXFileReference; fileEncoding = 4; lastKnownFileType = sourcecode.c.h; path = XnModuleInterface.h; sourceTree = "<group>"; };
		184703121B12999500128681 /* XnNode.h */ = {isa = PBXFileReference; fileEncoding = 4; lastKnownFileType = sourcecode.c.h; path = XnNode.h; sourceTree = "<group>"; };
		184703131B12999500128681 /* XnNodeAllocator.h */ = {isa = PBXFileReference; fileEncoding = 4; lastKnownFileType = sourcecode.c.h; path = XnNodeAllocator.h; sourceTree = "<group>"; };
		184703141B12999500128681 /* XnOpenNI.h */ = {isa = PBXFileReference; fileEncoding = 4; lastKnownFileType = sourcecode.c.h; path = XnOpenNI.h; sourceTree = "<group>"; };
		184703151B12999500128681 /* XnOS.h */ = {isa = PBXFileReference; fileEncoding = 4; lastKnownFileType = sourcecode.c.h; path = XnOS.h; sourceTree = "<group>"; };
		184703161B12999500128681 /* XnOSCpp.h */ = {isa = PBXFileReference; fileEncoding = 4; lastKnownFileType = sourcecode.c.h; path = XnOSCpp.h; sourceTree = "<group>"; };
		184703171B12999500128681 /* XnOSMemory.h */ = {isa = PBXFileReference; fileEncoding = 4; lastKnownFileType = sourcecode.c.h; path = XnOSMemory.h; sourceTree = "<group>"; };
		184703181B12999500128681 /* XnOSStrings.h */ = {isa = PBXFileReference; fileEncoding = 4; lastKnownFileType = sourcecode.c.h; path = XnOSStrings.h; sourceTree = "<group>"; };
		184703191B12999500128681 /* XnPlatform.h */ = {isa = PBXFileReference; fileEncoding = 4; lastKnownFileType = sourcecode.c.h; path = XnPlatform.h; sourceTree = "<group>"; };
		1847031A1B12999500128681 /* XnPrdNode.h */ = {isa = PBXFileReference; fileEncoding = 4; lastKnownFileType = sourcecode.c.h; path = XnPrdNode.h; sourceTree = "<group>"; };
		1847031B1B12999500128681 /* XnPrdNodeInfo.h */ = {isa = PBXFileReference; fileEncoding = 4; lastKnownFileType = sourcecode.c.h; path = XnPrdNodeInfo.h; sourceTree = "<group>"; };
		1847031C1B12999500128681 /* XnPrdNodeInfoList.h */ = {isa = PBXFileReference; fileEncoding = 4; lastKnownFileType = sourcecode.c.h; path = XnPrdNodeInfoList.h; sourceTree = "<group>"; };
		1847031D1B12999500128681 /* XnProfiling.h */ = {isa = PBXFileReference; fileEncoding = 4; lastKnownFileType = sourcecode.c.h; path = XnProfiling.h; sourceTree = "<group>"; };
		1847031E1B12999500128681 /* XnPropNames.h */ = {isa = PBXFileReference; fileEncoding = 4; lastKnownFileType = sourcecode.c.h; path = XnPropNames.h; sourceTree = "<group>"; };
		1847031F1B12999500128681 /* XnQueries.h */ = {isa = PBXFileReference; fileEncoding = 4; lastKnownFileType = sourcecode.c.h; path = XnQueries.h; sourceTree = "<group>"; };
		184703201B12999500128681 /* XnQueue.h */ = {isa = PBXFileReference; fileEncoding = 4; lastKnownFileType = sourcecode.c.h; path = XnQueue.h; sourceTree = "<group>"; };
		184703211B12999500128681 /* XnScheduler.h */ = {isa = PBXFileReference; fileEncoding = 4; lastKnownFileType = sourcecode.c.h; path = XnScheduler.h; sourceTree = "<group>"; };
		184703221B12999500128681 /* XnStack.h */ = {isa = PBXFileReference; fileEncoding = 4; lastKnownFileType = sourcecode.c.h; path = XnStack.h; sourceTree = "<group>"; };
		184703231B12999500128681 /* XnStatus.h */ = {isa = PBXFileReference; fileEncoding = 4; lastKnownFileType = sourcecode.c.h; path = XnStatus.h; sourceTree = "<group>"; };
		184703241B12999500128681 /* XnStatusCodes.h */ = {isa = PBXFileReference; fileEncoding = 4; lastKnownFileType = sourcecode.c.h; path = XnStatusCodes.h; sourceTree = "<group>"; };
		184703251B12999500128681 /* XnStatusRegister.h */ = {isa = PBXFileReference; fileEncoding = 4; lastKnownFileType = sourcecode.c.h; path = XnStatusRegister.h; sourceTree = "<group>"; };
		184703261B12999500128681 /* XnStringsHash.h */ = {isa = PBXFileReference; fileEncoding = 4; lastKnownFileType = sourcecode.c.h; path = XnStringsHash.h; sourceTree = "<group>"; };
		184703271B12999500128681 /* XnThreadSafeQueue.h */ = {isa = PBXFileReference; fileEncoding = 4; lastKnownFileType = sourcecode.c.h; path = XnThreadSafeQueue.h; sourceTree = "<group>"; };
		184703281B12999500128681 /* XnTypes.h */ = {isa = PBXFileReference; fileEncoding = 4; lastKnownFileType = sourcecode.c.h; path = XnTypes.h; sourceTree = "<group>"; };
		184703291B12999500128681 /* XnUSB.h */ = {isa = PBXFileReference; fileEncoding = 4; lastKnownFileType = sourcecode.c.h; path = XnUSB.h; sourceTree = "<group>"; };
		1847032A1B12999500128681 /* XnUSBDevice.h */ = {isa = PBXFileReference; fileEncoding = 4; lastKnownFileType = sourcecode.c.h; path = XnUSBDevice.h; sourceTree = "<group>"; };
		1847032B1B12999500128681 /* XnUtils.h */ = {isa = PBXFileReference; fileEncoding = 4; lastKnownFileType = sourcecode.c.h; path = XnUtils.h; sourceTree = "<group>"; };
		1847032C1B12999500128681 /* XnVersion.h */ = {isa = PBXFileReference; fileEncoding = 4; lastKnownFileType = sourcecode.c.h; path = XnVersion.h; sourceTree = "<group>"; };
		184703431B12999500128681 /* ofxOpenNI.cpp */ = {isa = PBXFileReference; fileEncoding = 4; lastKnownFileType = sourcecode.cpp.cpp; path = ofxOpenNI.cpp; sourceTree = "<group>"; };
		184703441B12999500128681 /* ofxOpenNI.h */ = {isa = PBXFileReference; fileEncoding = 4; lastKnownFileType = sourcecode.c.h; path = ofxOpenNI.h; sourceTree = "<group>"; };
		184703451B12999500128681 /* ofxOpenNITypes.cpp */ = {isa = PBXFileReference; fileEncoding = 4; lastKnownFileType = sourcecode.cpp.cpp; path = ofxOpenNITypes.cpp; sourceTree = "<group>"; };
		184703461B12999500128681 /* ofxOpenNITypes.h */ = {isa = PBXFileReference; fileEncoding = 4; lastKnownFileType = sourcecode.c.h; path = ofxOpenNITypes.h; sourceTree = "<group>"; };
		184703471B12999500128681 /* ofxOpenNIUtils.h */ = {isa = PBXFileReference; fileEncoding = 4; lastKnownFileType = sourcecode.c.h; path = ofxOpenNIUtils.h; sourceTree = "<group>"; };
		18F8C47E1B12C3D200D2D61A /* change_exec_paths.sh */ = {isa = PBXFileReference; fileEncoding = 4; lastKnownFileType = text.script.sh; path = change_exec_paths.sh; sourceTree = "<group>"; };
		18F8C47F1B12C3D200D2D61A /* libnimCodecs.dylib */ = {isa = PBXFileReference; lastKnownFileType = "compiled.mach-o.dylib"; path = libnimCodecs.dylib; sourceTree = "<group>"; };
		18F8C4801B12C3D200D2D61A /* libnimMockNodes.dylib */ = {isa = PBXFileReference; lastKnownFileType = "compiled.mach-o.dylib"; path = libnimMockNodes.dylib; sourceTree = "<group>"; };
		18F8C4811B12C3D200D2D61A /* libnimRecorder.dylib */ = {isa = PBXFileReference; lastKnownFileType = "compiled.mach-o.dylib"; path = libnimRecorder.dylib; sourceTree = "<group>"; };
		18F8C4821B12C3D200D2D61A /* libOpenNI.dylib */ = {isa = PBXFileReference; lastKnownFileType = "compiled.mach-o.dylib"; path = libOpenNI.dylib; sourceTree = "<group>"; };
		18F8C4831B12C3D200D2D61A /* libusb-1.0.0.dylib */ = {isa = PBXFileReference; lastKnownFileType = "compiled.mach-o.dylib"; path = "libusb-1.0.0.dylib"; sourceTree = "<group>"; };
		18F8C4841B12C3D200D2D61A /* libXnCore.dylib */ = {isa = PBXFileReference; lastKnownFileType = "compiled.mach-o.dylib"; path = libXnCore.dylib; sourceTree = "<group>"; };
		18F8C4851B12C3D200D2D61A /* libXnDDK.dylib */ = {isa = PBXFileReference; lastKnownFileType = "compiled.mach-o.dylib"; path = libXnDDK.dylib; sourceTree = "<group>"; };
		18F8C4861B12C3D200D2D61A /* libXnDeviceFile.dylib */ = {isa = PBXFileReference; lastKnownFileType = "compiled.mach-o.dylib"; path = libXnDeviceFile.dylib; sourceTree = "<group>"; };
		18F8C4871B12C3D200D2D61A /* libXnDeviceSensorV2KM.dylib */ = {isa = PBXFileReference; lastKnownFileType = "compiled.mach-o.dylib"; path = libXnDeviceSensorV2KM.dylib; sourceTree = "<group>"; };
		18F8C4881B12C3D200D2D61A /* libXnFormats.dylib */ = {isa = PBXFileReference; lastKnownFileType = "compiled.mach-o.dylib"; path = libXnFormats.dylib; sourceTree = "<group>"; };
		18F8C4891B12C3D200D2D61A /* libXnVCNITE_1_5_2.dylib */ = {isa = PBXFileReference; lastKnownFileType = "compiled.mach-o.dylib"; path = libXnVCNITE_1_5_2.dylib; sourceTree = "<group>"; };
		18F8C48A1B12C3D200D2D61A /* libXnVFeatures_1_5_2.dylib */ = {isa = PBXFileReference; lastKnownFileType = "compiled.mach-o.dylib"; path = libXnVFeatures_1_5_2.dylib; sourceTree = "<group>"; };
		18F8C48B1B12C3D200D2D61A /* libXnVHandGenerator_1_5_2.dylib */ = {isa = PBXFileReference; lastKnownFileType = "compiled.mach-o.dylib"; path = libXnVHandGenerator_1_5_2.dylib; sourceTree = "<group>"; };
		18F8C48C1B12C3D200D2D61A /* libXnVNite_1_5_2.dylib */ = {isa = PBXFileReference; lastKnownFileType = "compiled.mach-o.dylib"; path = libXnVNite_1_5_2.dylib; sourceTree = "<group>"; };
		BBAB23BE13894E4700AA2426 /* GLUT.framework */ = {isa = PBXFileReference; lastKnownFileType = wrapper.framework; name = GLUT.framework; path = ../../../libs/glut/lib/osx/GLUT.framework; sourceTree = "<group>"; };
		E4328143138ABC890047C5CB /* openFrameworksLib.xcodeproj */ = {isa = PBXFileReference; lastKnownFileType = "wrapper.pb-project"; name = openFrameworksLib.xcodeproj; path = ../../../libs/openFrameworksCompiled/project/osx/openFrameworksLib.xcodeproj; sourceTree = SOURCE_ROOT; };
		E45BE9710E8CC7DD009D7055 /* AGL.framework */ = {isa = PBXFileReference; lastKnownFileType = wrapper.framework; name = AGL.framework; path = /System/Library/Frameworks/AGL.framework; sourceTree = "<absolute>"; };
		E45BE9720E8CC7DD009D7055 /* ApplicationServices.framework */ = {isa = PBXFileReference; lastKnownFileType = wrapper.framework; name = ApplicationServices.framework; path = /System/Library/Frameworks/ApplicationServices.framework; sourceTree = "<absolute>"; };
		E45BE9730E8CC7DD009D7055 /* AudioToolbox.framework */ = {isa = PBXFileReference; lastKnownFileType = wrapper.framework; name = AudioToolbox.framework; path = /System/Library/Frameworks/AudioToolbox.framework; sourceTree = "<absolute>"; };
		E45BE9750E8CC7DD009D7055 /* CoreAudio.framework */ = {isa = PBXFileReference; lastKnownFileType = wrapper.framework; name = CoreAudio.framework; path = /System/Library/Frameworks/CoreAudio.framework; sourceTree = "<absolute>"; };
		E45BE9760E8CC7DD009D7055 /* CoreFoundation.framework */ = {isa = PBXFileReference; lastKnownFileType = wrapper.framework; name = CoreFoundation.framework; path = /System/Library/Frameworks/CoreFoundation.framework; sourceTree = "<absolute>"; };
		E45BE9770E8CC7DD009D7055 /* CoreServices.framework */ = {isa = PBXFileReference; lastKnownFileType = wrapper.framework; name = CoreServices.framework; path = /System/Library/Frameworks/CoreServices.framework; sourceTree = "<absolute>"; };
		E45BE9790E8CC7DD009D7055 /* OpenGL.framework */ = {isa = PBXFileReference; lastKnownFileType = wrapper.framework; name = OpenGL.framework; path = /System/Library/Frameworks/OpenGL.framework; sourceTree = "<absolute>"; };
		E45BE97A0E8CC7DD009D7055 /* QuickTime.framework */ = {isa = PBXFileReference; lastKnownFileType = wrapper.framework; name = QuickTime.framework; path = /System/Library/Frameworks/QuickTime.framework; sourceTree = "<absolute>"; };
		E4B69B5B0A3A1756003C02F2 /* emptyExampleDebug.app */ = {isa = PBXFileReference; explicitFileType = wrapper.application; includeInIndex = 0; path = emptyExampleDebug.app; sourceTree = BUILT_PRODUCTS_DIR; };
		E4B69E1D0A3A1BDC003C02F2 /* main.cpp */ = {isa = PBXFileReference; fileEncoding = 30; lastKnownFileType = sourcecode.cpp.cpp; name = main.cpp; path = src/main.cpp; sourceTree = SOURCE_ROOT; };
		E4B69E1E0A3A1BDC003C02F2 /* ofApp.cpp */ = {isa = PBXFileReference; explicitFileType = sourcecode.cpp.cpp; fileEncoding = 30; name = ofApp.cpp; path = src/ofApp.cpp; sourceTree = SOURCE_ROOT; };
		E4B69E1F0A3A1BDC003C02F2 /* ofApp.h */ = {isa = PBXFileReference; fileEncoding = 30; lastKnownFileType = sourcecode.c.h; name = ofApp.h; path = src/ofApp.h; sourceTree = SOURCE_ROOT; };
		E4B6FCAD0C3E899E008CF71C /* openFrameworks-Info.plist */ = {isa = PBXFileReference; fileEncoding = 30; lastKnownFileType = text.plist.xml; path = "openFrameworks-Info.plist"; sourceTree = "<group>"; };
		E4C2424410CC5A17004149E2 /* AppKit.framework */ = {isa = PBXFileReference; lastKnownFileType = wrapper.framework; name = AppKit.framework; path = /System/Library/Frameworks/AppKit.framework; sourceTree = "<absolute>"; };
		E4C2424510CC5A17004149E2 /* Cocoa.framework */ = {isa = PBXFileReference; lastKnownFileType = wrapper.framework; name = Cocoa.framework; path = /System/Library/Frameworks/Cocoa.framework; sourceTree = "<absolute>"; };
		E4C2424610CC5A17004149E2 /* IOKit.framework */ = {isa = PBXFileReference; lastKnownFileType = wrapper.framework; name = IOKit.framework; path = /System/Library/Frameworks/IOKit.framework; sourceTree = "<absolute>"; };
		E4EB691F138AFCF100A09F29 /* CoreOF.xcconfig */ = {isa = PBXFileReference; fileEncoding = 4; lastKnownFileType = text.xcconfig; name = CoreOF.xcconfig; path = ../../../libs/openFrameworksCompiled/project/osx/CoreOF.xcconfig; sourceTree = SOURCE_ROOT; };
		E4EB6923138AFD0F00A09F29 /* Project.xcconfig */ = {isa = PBXFileReference; fileEncoding = 4; lastKnownFileType = text.xcconfig; path = Project.xcconfig; sourceTree = "<group>"; };
		E7E077E415D3B63C0020DFD4 /* CoreVideo.framework */ = {isa = PBXFileReference; lastKnownFileType = wrapper.framework; name = CoreVideo.framework; path = /System/Library/Frameworks/CoreVideo.framework; sourceTree = "<absolute>"; };
		E7E077E715D3B6510020DFD4 /* QTKit.framework */ = {isa = PBXFileReference; lastKnownFileType = wrapper.framework; name = QTKit.framework; path = /System/Library/Frameworks/QTKit.framework; sourceTree = "<absolute>"; };
		E7F985F515E0DE99003869B5 /* Accelerate.framework */ = {isa = PBXFileReference; lastKnownFileType = wrapper.framework; name = Accelerate.framework; path = /System/Library/Frameworks/Accelerate.framework; sourceTree = "<absolute>"; };
/* End PBXFileReference section */

/* Begin PBXFrameworksBuildPhase section */
		E4B69B590A3A1756003C02F2 /* Frameworks */ = {
			isa = PBXFrameworksBuildPhase;
			buildActionMask = 2147483647;
			files = (
				E7F985F815E0DEA3003869B5 /* Accelerate.framework in Frameworks */,
				18F8C4961B12C3D200D2D61A /* libXnFormats.dylib in Frameworks */,
				E7E077E815D3B6510020DFD4 /* QTKit.framework in Frameworks */,
				18F8C4931B12C3D200D2D61A /* libXnDDK.dylib in Frameworks */,
				E4EB6799138ADC1D00A09F29 /* GLUT.framework in Frameworks */,
				18F8C4911B12C3D200D2D61A /* libusb-1.0.0.dylib in Frameworks */,
				E4328149138ABC9F0047C5CB /* openFrameworksDebug.a in Frameworks */,
				E45BE97B0E8CC7DD009D7055 /* AGL.framework in Frameworks */,
				18F8C49A1B12C3D200D2D61A /* libXnVNite_1_5_2.dylib in Frameworks */,
				18F8C48F1B12C3D200D2D61A /* libnimRecorder.dylib in Frameworks */,
				E45BE97C0E8CC7DD009D7055 /* ApplicationServices.framework in Frameworks */,
				18F8C4971B12C3D200D2D61A /* libXnVCNITE_1_5_2.dylib in Frameworks */,
				E45BE97D0E8CC7DD009D7055 /* AudioToolbox.framework in Frameworks */,
				E45BE97F0E8CC7DD009D7055 /* CoreAudio.framework in Frameworks */,
				E45BE9800E8CC7DD009D7055 /* CoreFoundation.framework in Frameworks */,
				18F8C48D1B12C3D200D2D61A /* libnimCodecs.dylib in Frameworks */,
				18F8C4981B12C3D200D2D61A /* libXnVFeatures_1_5_2.dylib in Frameworks */,
				E45BE9810E8CC7DD009D7055 /* CoreServices.framework in Frameworks */,
				18F8C4921B12C3D200D2D61A /* libXnCore.dylib in Frameworks */,
				E45BE9830E8CC7DD009D7055 /* OpenGL.framework in Frameworks */,
				18F8C4901B12C3D200D2D61A /* libOpenNI.dylib in Frameworks */,
				E45BE9840E8CC7DD009D7055 /* QuickTime.framework in Frameworks */,
				18F8C48E1B12C3D200D2D61A /* libnimMockNodes.dylib in Frameworks */,
				18F8C4951B12C3D200D2D61A /* libXnDeviceSensorV2KM.dylib in Frameworks */,
				E4C2424710CC5A17004149E2 /* AppKit.framework in Frameworks */,
				18F8C4941B12C3D200D2D61A /* libXnDeviceFile.dylib in Frameworks */,
				E4C2424810CC5A17004149E2 /* Cocoa.framework in Frameworks */,
				18F8C4991B12C3D200D2D61A /* libXnVHandGenerator_1_5_2.dylib in Frameworks */,
				E4C2424910CC5A17004149E2 /* IOKit.framework in Frameworks */,
				E7E077E515D3B63C0020DFD4 /* CoreVideo.framework in Frameworks */,
			);
			runOnlyForDeploymentPostprocessing = 0;
		};
/* End PBXFrameworksBuildPhase section */

/* Begin PBXGroup section */
		1847025B1B12999400128681 /* ofxOpenNI */ = {
			isa = PBXGroup;
			children = (
				18F8C47D1B12C3D200D2D61A /* lib */,
				184702A31B12999500128681 /* include */,
				184703421B12999500128681 /* src */,
			);
			name = ofxOpenNI;
			path = ../../../addons/ofxOpenNI;
			sourceTree = "<group>";
		};
		184702A31B12999500128681 /* include */ = {
			isa = PBXGroup;
			children = (
				184702A41B12999500128681 /* libusb */,
				184702A61B12999500128681 /* nite */,
				184702E41B12999500128681 /* openni */,
			);
			path = include;
			sourceTree = "<group>";
		};
		184702A41B12999500128681 /* libusb */ = {
			isa = PBXGroup;
			children = (
				184702A51B12999500128681 /* libusb.h */,
			);
			path = libusb;
			sourceTree = "<group>";
		};
		184702A61B12999500128681 /* nite */ = {
			isa = PBXGroup;
			children = (
				184702A71B12999500128681 /* XnCommon.h */,
				184702A81B12999500128681 /* XnV3DVector.h */,
				184702A91B12999500128681 /* XnVActivationMessage.h */,
				184702AA1B12999500128681 /* XnVBroadcaster.h */,
				184702AB1B12999500128681 /* XnVCCMessage.h */,
				184702AC1B12999500128681 /* XnVCircle.h */,
				184702AD1B12999500128681 /* XnVCircleDetector.h */,
				184702AE1B12999500128681 /* XnVClickableVirtualPlane.h */,
				184702AF1B12999500128681 /* XnVComplexMessage.h */,
				184702B01B12999500128681 /* XnVDepthControl.h */,
				184702B11B12999500128681 /* XnVDepthGenerator.h */,
				184702B21B12999500128681 /* XnVDepthMessage.h */,
				184702B31B12999500128681 /* XnVDeviceControl.h */,
				184702B41B12999500128681 /* XnVDeviceFilter.h */,
				184702B51B12999500128681 /* XnVDeviceGenerator.h */,
				184702B61B12999500128681 /* XnVDeviceMessage.h */,
				184702B71B12999500128681 /* XnVDirection.h */,
				184702B81B12999500128681 /* XnVFilter.h */,
				184702B91B12999500128681 /* XnVFlowRouter.h */,
				184702BA1B12999500128681 /* XnVGesture.h */,
				184702BB1B12999500128681 /* XnVHandle.h */,
				184702BC1B12999500128681 /* XnVHandPointContext.h */,
				184702BD1B12999500128681 /* XnVImageGenerator.h */,
				184702BE1B12999500128681 /* XnVImageMessage.h */,
				184702BF1B12999500128681 /* XnVMathCommon.h */,
				184702C01B12999500128681 /* XnVMessage.h */,
				184702C11B12999500128681 /* XnVMessageGenerator.h */,
				184702C21B12999500128681 /* XnVMessageListener.h */,
				184702C31B12999500128681 /* XnVMessageMux.h */,
				184702C41B12999500128681 /* XnVMultiItemHysteresis1D.h */,
				184702C51B12999500128681 /* XnVMultiItemHysteresis2D.h */,
				184702C61B12999500128681 /* XnVMultipleHands.h */,
				184702C71B12999500128681 /* XnVMultiProcessFlowClient.h */,
				184702C81B12999500128681 /* XnVMultiProcessFlowServer.h */,
				184702C91B12999500128681 /* XnVNite.h */,
				184702CA1B12999500128681 /* XnVNiteControls.h */,
				184702CB1B12999500128681 /* XnVNiteDefs.h */,
				184702CC1B12999500128681 /* XnVNiteFramework.h */,
				184702CD1B12999500128681 /* XnVNiteLog.h */,
				184702CE1B12999500128681 /* XnVNiteStatus.h */,
				184702CF1B12999500128681 /* XnVNiteVersion.h */,
				184702D01B12999500128681 /* XnVPointArea.h */,
				184702D11B12999500128681 /* XnVPointControl.h */,
				184702D21B12999500128681 /* XnVPointDenoiser.h */,
				184702D31B12999500128681 /* XnVPointFilter.h */,
				184702D41B12999500128681 /* XnVPointMessage.h */,
				184702D51B12999500128681 /* XnVPointTracker.h */,
				184702D61B12999500128681 /* XnVPushDetector.h */,
				184702D71B12999500128681 /* XnVSelectableSlider1D.h */,
				184702D81B12999500128681 /* XnVSelectableSlider2D.h */,
				184702D91B12999500128681 /* XnVSessionGenerator.h */,
				184702DA1B12999500128681 /* XnVSessionListener.h */,
				184702DB1B12999500128681 /* XnVSessionManager.h */,
				184702DC1B12999500128681 /* XnVSessionMessage.h */,
				184702DD1B12999500128681 /* XnVSlider1D.h */,
				184702DE1B12999500128681 /* XnVSlider2D.h */,
				184702DF1B12999500128681 /* XnVSlider3D.h */,
				184702E01B12999500128681 /* XnVSteadyDetector.h */,
				184702E11B12999500128681 /* XnVSwipeDetector.h */,
				184702E21B12999500128681 /* XnVVirtualCoordinates.h */,
				184702E31B12999500128681 /* XnVWaveDetector.h */,
			);
			path = nite;
			sourceTree = "<group>";
		};
		184702E41B12999500128681 /* openni */ = {
			isa = PBXGroup;
			children = (
				184702E51B12999500128681 /* Android-Arm */,
				184702E71B12999500128681 /* ARC */,
				184702EA1B12999500128681 /* IXnNodeAllocator.h */,
				184702EB1B12999500128681 /* Linux-Arm */,
				184702ED1B12999500128681 /* Linux-x86 */,
				184702F01B12999500128681 /* MacOSX */,
				184702F21B12999500128681 /* Win32 */,
				184702F61B12999500128681 /* XnAlgorithms.h */,
				184702F71B12999500128681 /* XnArray.h */,
				184702F81B12999500128681 /* XnBaseNode.h */,
				184702F91B12999500128681 /* XnBitSet.h */,
				184702FA1B12999500128681 /* XnCallback.h */,
				184702FB1B12999500128681 /* XnCodecIDs.h */,
				184702FC1B12999500128681 /* XnContext.h */,
				184702FD1B12999500128681 /* XnCppWrapper.h */,
				184702FE1B12999500128681 /* XnDataTypes.h */,
				184702FF1B12999500128681 /* XnDerivedCast.h */,
				184703001B12999500128681 /* XnDump.h */,
				184703011B12999500128681 /* XnDumpWriters.h */,
				184703021B12999500128681 /* XnEnumerationErrors.h */,
				184703031B12999500128681 /* XnEvent.h */,
				184703041B12999500128681 /* XnFPSCalculator.h */,
				184703051B12999500128681 /* XnGeneralBuffer.h */,
				184703061B12999500128681 /* XnHash.h */,
				184703071B12999500128681 /* XnInternalDefs.h */,
				184703081B12999500128681 /* XnLicensing.h */,
				184703091B12999500128681 /* XnList.h */,
				1847030A1B12999500128681 /* XnLog.h */,
				1847030B1B12999500128681 /* XnLogTypes.h */,
				1847030C1B12999500128681 /* XnLogWriterBase.h */,
				1847030D1B12999500128681 /* XnMacros.h */,
				1847030E1B12999500128681 /* XnModuleCFunctions.h */,
				1847030F1B12999500128681 /* XnModuleCppInterface.h */,
				184703101B12999500128681 /* XnModuleCppRegistratration.h */,
				184703111B12999500128681 /* XnModuleInterface.h */,
				184703121B12999500128681 /* XnNode.h */,
				184703131B12999500128681 /* XnNodeAllocator.h */,
				184703141B12999500128681 /* XnOpenNI.h */,
				184703151B12999500128681 /* XnOS.h */,
				184703161B12999500128681 /* XnOSCpp.h */,
				184703171B12999500128681 /* XnOSMemory.h */,
				184703181B12999500128681 /* XnOSStrings.h */,
				184703191B12999500128681 /* XnPlatform.h */,
				1847031A1B12999500128681 /* XnPrdNode.h */,
				1847031B1B12999500128681 /* XnPrdNodeInfo.h */,
				1847031C1B12999500128681 /* XnPrdNodeInfoList.h */,
				1847031D1B12999500128681 /* XnProfiling.h */,
				1847031E1B12999500128681 /* XnPropNames.h */,
				1847031F1B12999500128681 /* XnQueries.h */,
				184703201B12999500128681 /* XnQueue.h */,
				184703211B12999500128681 /* XnScheduler.h */,
				184703221B12999500128681 /* XnStack.h */,
				184703231B12999500128681 /* XnStatus.h */,
				184703241B12999500128681 /* XnStatusCodes.h */,
				184703251B12999500128681 /* XnStatusRegister.h */,
				184703261B12999500128681 /* XnStringsHash.h */,
				184703271B12999500128681 /* XnThreadSafeQueue.h */,
				184703281B12999500128681 /* XnTypes.h */,
				184703291B12999500128681 /* XnUSB.h */,
				1847032A1B12999500128681 /* XnUSBDevice.h */,
				1847032B1B12999500128681 /* XnUtils.h */,
				1847032C1B12999500128681 /* XnVersion.h */,
			);
			path = openni;
			sourceTree = "<group>";
		};
		184702E51B12999500128681 /* Android-Arm */ = {
			isa = PBXGroup;
			children = (
				184702E61B12999500128681 /* XnPlatformAndroid-Arm.h */,
			);
			path = "Android-Arm";
			sourceTree = "<group>";
		};
		184702E71B12999500128681 /* ARC */ = {
			isa = PBXGroup;
			children = (
				184702E81B12999500128681 /* XnOSARC.h */,
				184702E91B12999500128681 /* XnPlatformARC.h */,
			);
			path = ARC;
			sourceTree = "<group>";
		};
		184702EB1B12999500128681 /* Linux-Arm */ = {
			isa = PBXGroup;
			children = (
				184702EC1B12999500128681 /* XnPlatformLinux-Arm.h */,
			);
			path = "Linux-Arm";
			sourceTree = "<group>";
		};
		184702ED1B12999500128681 /* Linux-x86 */ = {
			isa = PBXGroup;
			children = (
				184702EE1B12999500128681 /* XnOSLinux-x86.h */,
				184702EF1B12999500128681 /* XnPlatformLinux-x86.h */,
			);
			path = "Linux-x86";
			sourceTree = "<group>";
		};
		184702F01B12999500128681 /* MacOSX */ = {
			isa = PBXGroup;
			children = (
				184702F11B12999500128681 /* XnPlatformMacOSX.h */,
			);
			path = MacOSX;
			sourceTree = "<group>";
		};
		184702F21B12999500128681 /* Win32 */ = {
			isa = PBXGroup;
			children = (
				184702F31B12999500128681 /* usb100.h */,
				184702F41B12999500128681 /* XnOSWin32.h */,
				184702F51B12999500128681 /* XnPlatformWin32.h */,
			);
			path = Win32;
			sourceTree = "<group>";
		};
		184703421B12999500128681 /* src */ = {
			isa = PBXGroup;
			children = (
				184703431B12999500128681 /* ofxOpenNI.cpp */,
				184703441B12999500128681 /* ofxOpenNI.h */,
				184703451B12999500128681 /* ofxOpenNITypes.cpp */,
				184703461B12999500128681 /* ofxOpenNITypes.h */,
				184703471B12999500128681 /* ofxOpenNIUtils.h */,
			);
			path = src;
			sourceTree = "<group>";
		};
		18F8C47D1B12C3D200D2D61A /* lib */ = {
			isa = PBXGroup;
			children = (
				18F8C47E1B12C3D200D2D61A /* change_exec_paths.sh */,
				18F8C47F1B12C3D200D2D61A /* libnimCodecs.dylib */,
				18F8C4801B12C3D200D2D61A /* libnimMockNodes.dylib */,
				18F8C4811B12C3D200D2D61A /* libnimRecorder.dylib */,
				18F8C4821B12C3D200D2D61A /* libOpenNI.dylib */,
				18F8C4831B12C3D200D2D61A /* libusb-1.0.0.dylib */,
				18F8C4841B12C3D200D2D61A /* libXnCore.dylib */,
				18F8C4851B12C3D200D2D61A /* libXnDDK.dylib */,
				18F8C4861B12C3D200D2D61A /* libXnDeviceFile.dylib */,
				18F8C4871B12C3D200D2D61A /* libXnDeviceSensorV2KM.dylib */,
				18F8C4881B12C3D200D2D61A /* libXnFormats.dylib */,
				18F8C4891B12C3D200D2D61A /* libXnVCNITE_1_5_2.dylib */,
				18F8C48A1B12C3D200D2D61A /* libXnVFeatures_1_5_2.dylib */,
				18F8C48B1B12C3D200D2D61A /* libXnVHandGenerator_1_5_2.dylib */,
				18F8C48C1B12C3D200D2D61A /* libXnVNite_1_5_2.dylib */,
			);
			name = lib;
			path = "example-HandTracking-Medium/bin/data/openni/lib";
			sourceTree = "<group>";
		};
		BB4B014C10F69532006C3DED /* addons */ = {
			isa = PBXGroup;
			children = (
				1847025B1B12999400128681 /* ofxOpenNI */,
			);
			name = addons;
			sourceTree = "<group>";
		};
		BBAB23C913894ECA00AA2426 /* system frameworks */ = {
			isa = PBXGroup;
			children = (
				E7F985F515E0DE99003869B5 /* Accelerate.framework */,
				E4C2424410CC5A17004149E2 /* AppKit.framework */,
				E4C2424510CC5A17004149E2 /* Cocoa.framework */,
				E4C2424610CC5A17004149E2 /* IOKit.framework */,
				E45BE9710E8CC7DD009D7055 /* AGL.framework */,
				E45BE9720E8CC7DD009D7055 /* ApplicationServices.framework */,
				E45BE9730E8CC7DD009D7055 /* AudioToolbox.framework */,
				E45BE9750E8CC7DD009D7055 /* CoreAudio.framework */,
				E45BE9760E8CC7DD009D7055 /* CoreFoundation.framework */,
				E45BE9770E8CC7DD009D7055 /* CoreServices.framework */,
				E45BE9790E8CC7DD009D7055 /* OpenGL.framework */,
				E45BE97A0E8CC7DD009D7055 /* QuickTime.framework */,
				E7E077E415D3B63C0020DFD4 /* CoreVideo.framework */,
				E7E077E715D3B6510020DFD4 /* QTKit.framework */,
			);
			name = "system frameworks";
			sourceTree = "<group>";
		};
		BBAB23CA13894EDB00AA2426 /* 3rd party frameworks */ = {
			isa = PBXGroup;
			children = (
				BBAB23BE13894E4700AA2426 /* GLUT.framework */,
			);
			name = "3rd party frameworks";
			sourceTree = "<group>";
		};
		E4328144138ABC890047C5CB /* Products */ = {
			isa = PBXGroup;
			children = (
				E4328148138ABC890047C5CB /* openFrameworksDebug.a */,
			);
			name = Products;
			sourceTree = "<group>";
		};
		E45BE5980E8CC70C009D7055 /* frameworks */ = {
			isa = PBXGroup;
			children = (
				BBAB23CA13894EDB00AA2426 /* 3rd party frameworks */,
				BBAB23C913894ECA00AA2426 /* system frameworks */,
			);
			name = frameworks;
			sourceTree = "<group>";
		};
		E4B69B4A0A3A1720003C02F2 = {
			isa = PBXGroup;
			children = (
				E4B6FCAD0C3E899E008CF71C /* openFrameworks-Info.plist */,
				E4EB6923138AFD0F00A09F29 /* Project.xcconfig */,
				E4B69E1C0A3A1BDC003C02F2 /* src */,
				E4EEC9E9138DF44700A80321 /* openFrameworks */,
				BB4B014C10F69532006C3DED /* addons */,
				E45BE5980E8CC70C009D7055 /* frameworks */,
				E4B69B5B0A3A1756003C02F2 /* emptyExampleDebug.app */,
			);
			sourceTree = "<group>";
		};
		E4B69E1C0A3A1BDC003C02F2 /* src */ = {
			isa = PBXGroup;
			children = (
				E4B69E1D0A3A1BDC003C02F2 /* main.cpp */,
				E4B69E1E0A3A1BDC003C02F2 /* ofApp.cpp */,
				E4B69E1F0A3A1BDC003C02F2 /* ofApp.h */,
			);
			path = src;
			sourceTree = SOURCE_ROOT;
		};
		E4EEC9E9138DF44700A80321 /* openFrameworks */ = {
			isa = PBXGroup;
			children = (
				E4EB691F138AFCF100A09F29 /* CoreOF.xcconfig */,
				E4328143138ABC890047C5CB /* openFrameworksLib.xcodeproj */,
			);
			name = openFrameworks;
			sourceTree = "<group>";
		};
/* End PBXGroup section */

/* Begin PBXNativeTarget section */
		E4B69B5A0A3A1756003C02F2 /* emptyExample */ = {
			isa = PBXNativeTarget;
			buildConfigurationList = E4B69B5F0A3A1757003C02F2 /* Build configuration list for PBXNativeTarget "emptyExample" */;
			buildPhases = (
				E4B69B580A3A1756003C02F2 /* Sources */,
				E4B69B590A3A1756003C02F2 /* Frameworks */,
				E4B6FFFD0C3F9AB9008CF71C /* ShellScript */,
				E4C2427710CC5ABF004149E2 /* CopyFiles */,
			);
			buildRules = (
			);
			dependencies = (
				E4EEB9AC138B136A00A80321 /* PBXTargetDependency */,
			);
			name = emptyExample;
			productName = myOFApp;
			productReference = E4B69B5B0A3A1756003C02F2 /* emptyExampleDebug.app */;
			productType = "com.apple.product-type.application";
		};
/* End PBXNativeTarget section */

/* Begin PBXProject section */
		E4B69B4C0A3A1720003C02F2 /* Project object */ = {
			isa = PBXProject;
			attributes = {
				LastUpgradeCheck = 0460;
			};
			buildConfigurationList = E4B69B4D0A3A1720003C02F2 /* Build configuration list for PBXProject "emptyExample" */;
			compatibilityVersion = "Xcode 3.2";
			developmentRegion = English;
			hasScannedForEncodings = 0;
			knownRegions = (
				English,
				Japanese,
				French,
				German,
			);
			mainGroup = E4B69B4A0A3A1720003C02F2;
			productRefGroup = E4B69B4A0A3A1720003C02F2;
			projectDirPath = "";
			projectReferences = (
				{
					ProductGroup = E4328144138ABC890047C5CB /* Products */;
					ProjectRef = E4328143138ABC890047C5CB /* openFrameworksLib.xcodeproj */;
				},
			);
			projectRoot = "";
			targets = (
				E4B69B5A0A3A1756003C02F2 /* emptyExample */,
			);
		};
/* End PBXProject section */

/* Begin PBXReferenceProxy section */
		E4328148138ABC890047C5CB /* openFrameworksDebug.a */ = {
			isa = PBXReferenceProxy;
			fileType = archive.ar;
			path = openFrameworksDebug.a;
			remoteRef = E4328147138ABC890047C5CB /* PBXContainerItemProxy */;
			sourceTree = BUILT_PRODUCTS_DIR;
		};
/* End PBXReferenceProxy section */

/* Begin PBXShellScriptBuildPhase section */
		E4B6FFFD0C3F9AB9008CF71C /* ShellScript */ = {
			isa = PBXShellScriptBuildPhase;
			buildActionMask = 2147483647;
			files = (
			);
			inputPaths = (
			);
			outputPaths = (
			);
			runOnlyForDeploymentPostprocessing = 0;
			shellPath = /bin/sh;
			shellScript = "cp -f ../../../libs/fmodex/lib/osx/libfmodex.dylib \"$TARGET_BUILD_DIR/$PRODUCT_NAME.app/Contents/MacOS/libfmodex.dylib\"; install_name_tool -change ./libfmodex.dylib @executable_path/libfmodex.dylib \"$TARGET_BUILD_DIR/$PRODUCT_NAME.app/Contents/MacOS/$PRODUCT_NAME\";\nmkdir -p \"$TARGET_BUILD_DIR/$PRODUCT_NAME.app/Contents/Resources/\"\ncp -f \"$ICON_FILE\" \"$TARGET_BUILD_DIR/$PRODUCT_NAME.app/Contents/Resources/\"\n";
		};
/* End PBXShellScriptBuildPhase section */

/* Begin PBXSourcesBuildPhase section */
		E4B69B580A3A1756003C02F2 /* Sources */ = {
			isa = PBXSourcesBuildPhase;
			buildActionMask = 2147483647;
			files = (
				184703761B12999500128681 /* ofxOpenNI.cpp in Sources */,
				184703771B12999500128681 /* ofxOpenNITypes.cpp in Sources */,
				E4B69E200A3A1BDC003C02F2 /* main.cpp in Sources */,
				E4B69E210A3A1BDC003C02F2 /* ofApp.cpp in Sources */,
			);
			runOnlyForDeploymentPostprocessing = 0;
		};
/* End PBXSourcesBuildPhase section */

/* Begin PBXTargetDependency section */
		E4EEB9AC138B136A00A80321 /* PBXTargetDependency */ = {
			isa = PBXTargetDependency;
			name = openFrameworks;
			targetProxy = E4EEB9AB138B136A00A80321 /* PBXContainerItemProxy */;
		};
/* End PBXTargetDependency section */

/* Begin XCBuildConfiguration section */
		E4B69B4E0A3A1720003C02F2 /* Debug */ = {
			isa = XCBuildConfiguration;
			baseConfigurationReference = E4EB6923138AFD0F00A09F29 /* Project.xcconfig */;
			buildSettings = {
				ARCHS = "$(NATIVE_ARCH)";
				CONFIGURATION_BUILD_DIR = "$(SRCROOT)/bin/";
				COPY_PHASE_STRIP = NO;
				DEAD_CODE_STRIPPING = YES;
				GCC_AUTO_VECTORIZATION = YES;
				GCC_ENABLE_SSE3_EXTENSIONS = YES;
				GCC_ENABLE_SUPPLEMENTAL_SSE3_INSTRUCTIONS = YES;
				GCC_INLINES_ARE_PRIVATE_EXTERN = NO;
				GCC_OPTIMIZATION_LEVEL = 0;
				GCC_SYMBOLS_PRIVATE_EXTERN = NO;
				GCC_WARN_ABOUT_DEPRECATED_FUNCTIONS = YES;
				GCC_WARN_ABOUT_INVALID_OFFSETOF_MACRO = NO;
				GCC_WARN_ALLOW_INCOMPLETE_PROTOCOL = NO;
				GCC_WARN_UNINITIALIZED_AUTOS = NO;
				GCC_WARN_UNUSED_VALUE = NO;
				GCC_WARN_UNUSED_VARIABLE = NO;
				HEADER_SEARCH_PATHS = (
					"$(OF_CORE_HEADERS)",
					src,
				);
				MACOSX_DEPLOYMENT_TARGET = 10.6;
				OTHER_CPLUSPLUSFLAGS = (
					"-D__MACOSX_CORE__",
					"-lpthread",
					"-mtune=native",
				);
				SDKROOT = macosx;
			};
			name = Debug;
		};
		E4B69B4F0A3A1720003C02F2 /* Release */ = {
			isa = XCBuildConfiguration;
			baseConfigurationReference = E4EB6923138AFD0F00A09F29 /* Project.xcconfig */;
			buildSettings = {
				ARCHS = "$(NATIVE_ARCH)";
				CONFIGURATION_BUILD_DIR = "$(SRCROOT)/bin/";
				COPY_PHASE_STRIP = YES;
				DEAD_CODE_STRIPPING = YES;
				GCC_AUTO_VECTORIZATION = YES;
				GCC_ENABLE_SSE3_EXTENSIONS = YES;
				GCC_ENABLE_SUPPLEMENTAL_SSE3_INSTRUCTIONS = YES;
				GCC_INLINES_ARE_PRIVATE_EXTERN = NO;
				GCC_OPTIMIZATION_LEVEL = 3;
				GCC_SYMBOLS_PRIVATE_EXTERN = NO;
				GCC_UNROLL_LOOPS = YES;
				GCC_WARN_ABOUT_DEPRECATED_FUNCTIONS = YES;
				GCC_WARN_ABOUT_INVALID_OFFSETOF_MACRO = NO;
				GCC_WARN_ALLOW_INCOMPLETE_PROTOCOL = NO;
				GCC_WARN_UNINITIALIZED_AUTOS = NO;
				GCC_WARN_UNUSED_VALUE = NO;
				GCC_WARN_UNUSED_VARIABLE = NO;
				HEADER_SEARCH_PATHS = (
					"$(OF_CORE_HEADERS)",
					src,
				);
				MACOSX_DEPLOYMENT_TARGET = 10.6;
				OTHER_CPLUSPLUSFLAGS = (
					"-D__MACOSX_CORE__",
					"-lpthread",
					"-mtune=native",
				);
				SDKROOT = macosx;
			};
			name = Release;
		};
		E4B69B600A3A1757003C02F2 /* Debug */ = {
			isa = XCBuildConfiguration;
			buildSettings = {
				COMBINE_HIDPI_IMAGES = YES;
				COPY_PHASE_STRIP = NO;
				FRAMEWORK_SEARCH_PATHS = (
					"$(inherited)",
					"$(FRAMEWORK_SEARCH_PATHS_QUOTED_FOR_TARGET_1)",
				);
				FRAMEWORK_SEARCH_PATHS_QUOTED_FOR_TARGET_1 = "\"$(SRCROOT)/../../../libs/glut/lib/osx\"";
				GCC_DYNAMIC_NO_PIC = NO;
				GCC_GENERATE_DEBUGGING_SYMBOLS = YES;
				GCC_MODEL_TUNING = NONE;
				ICON = "$(ICON_NAME_DEBUG)";
				ICON_FILE = "$(ICON_FILE_PATH)$(ICON)";
				INFOPLIST_FILE = "openFrameworks-Info.plist";
				INSTALL_PATH = "$(HOME)/Applications";
				LIBRARY_SEARCH_PATHS = (
					"$(inherited)",
					"$(LIBRARY_SEARCH_PATHS_QUOTED_FOR_TARGET_1)",
					"$(LIBRARY_SEARCH_PATHS_QUOTED_FOR_TARGET_2)",
					"$(LIBRARY_SEARCH_PATHS_QUOTED_FOR_TARGET_3)",
					"$(LIBRARY_SEARCH_PATHS_QUOTED_FOR_TARGET_4)",
					"$(LIBRARY_SEARCH_PATHS_QUOTED_FOR_TARGET_5)",
					"$(LIBRARY_SEARCH_PATHS_QUOTED_FOR_TARGET_6)",
					"$(LIBRARY_SEARCH_PATHS_QUOTED_FOR_TARGET_7)",
					"$(LIBRARY_SEARCH_PATHS_QUOTED_FOR_TARGET_8)",
					"$(LIBRARY_SEARCH_PATHS_QUOTED_FOR_TARGET_9)",
					"$(LIBRARY_SEARCH_PATHS_QUOTED_FOR_TARGET_10)",
					"$(LIBRARY_SEARCH_PATHS_QUOTED_FOR_TARGET_11)",
					"$(LIBRARY_SEARCH_PATHS_QUOTED_FOR_TARGET_12)",
					"$(LIBRARY_SEARCH_PATHS_QUOTED_FOR_TARGET_13)",
					"$(LIBRARY_SEARCH_PATHS_QUOTED_FOR_TARGET_14)",
					"$(LIBRARY_SEARCH_PATHS_QUOTED_FOR_TARGET_15)",
					"$(LIBRARY_SEARCH_PATHS_QUOTED_FOR_TARGET_2)",
					"$(LIBRARY_SEARCH_PATHS_QUOTED_FOR_TARGET_3)",
					"$(LIBRARY_SEARCH_PATHS_QUOTED_FOR_TARGET_7)",
					"$(LIBRARY_SEARCH_PATHS_QUOTED_FOR_TARGET_8)",
					"$(LIBRARY_SEARCH_PATHS_QUOTED_FOR_TARGET_9)",
					"$(LIBRARY_SEARCH_PATHS_QUOTED_FOR_TARGET_10)",
					"$(LIBRARY_SEARCH_PATHS_QUOTED_FOR_TARGET_11)",
					"$(LIBRARY_SEARCH_PATHS_QUOTED_FOR_TARGET_12)",
					"$(LIBRARY_SEARCH_PATHS_QUOTED_FOR_TARGET_13)",
					"$(LIBRARY_SEARCH_PATHS_QUOTED_FOR_TARGET_16)",
					"$(LIBRARY_SEARCH_PATHS_QUOTED_FOR_TARGET_17)",
					"$(LIBRARY_SEARCH_PATHS_QUOTED_FOR_TARGET_18)",
					"$(LIBRARY_SEARCH_PATHS_QUOTED_FOR_TARGET_19)",
					"$(LIBRARY_SEARCH_PATHS_QUOTED_FOR_TARGET_20)",
					"$(LIBRARY_SEARCH_PATHS_QUOTED_FOR_TARGET_21)",
					"$(LIBRARY_SEARCH_PATHS_QUOTED_FOR_TARGET_22)",
					"$(LIBRARY_SEARCH_PATHS_QUOTED_FOR_TARGET_23)",
					"$(LIBRARY_SEARCH_PATHS_QUOTED_FOR_TARGET_24)",
					"$(LIBRARY_SEARCH_PATHS_QUOTED_FOR_TARGET_25)",
					"$(LIBRARY_SEARCH_PATHS_QUOTED_FOR_TARGET_26)",
					"$(LIBRARY_SEARCH_PATHS_QUOTED_FOR_TARGET_27)",
					"$(LIBRARY_SEARCH_PATHS_QUOTED_FOR_TARGET_28)",
					"$(LIBRARY_SEARCH_PATHS_QUOTED_FOR_TARGET_29)",
					"$(LIBRARY_SEARCH_PATHS_QUOTED_FOR_TARGET_30)",
					"$(LIBRARY_SEARCH_PATHS_QUOTED_FOR_TARGET_31)",
					"$(LIBRARY_SEARCH_PATHS_QUOTED_FOR_TARGET_32)",
					"$(LIBRARY_SEARCH_PATHS_QUOTED_FOR_TARGET_33)",
					"$(LIBRARY_SEARCH_PATHS_QUOTED_FOR_TARGET_34)",
					"$(LIBRARY_SEARCH_PATHS_QUOTED_FOR_TARGET_35)",
					"$(LIBRARY_SEARCH_PATHS_QUOTED_FOR_TARGET_36)",
					"$(LIBRARY_SEARCH_PATHS_QUOTED_FOR_TARGET_37)",
					"$(LIBRARY_SEARCH_PATHS_QUOTED_FOR_TARGET_38)",
					"$(LIBRARY_SEARCH_PATHS_QUOTED_FOR_TARGET_39)",
					"$(LIBRARY_SEARCH_PATHS_QUOTED_FOR_TARGET_40)",
					"$(LIBRARY_SEARCH_PATHS_QUOTED_FOR_TARGET_41)",
					"$(LIBRARY_SEARCH_PATHS_QUOTED_FOR_TARGET_42)",
					"$(LIBRARY_SEARCH_PATHS_QUOTED_FOR_TARGET_43)",
					"$(LIBRARY_SEARCH_PATHS_QUOTED_FOR_TARGET_44)",
					"$(LIBRARY_SEARCH_PATHS_QUOTED_FOR_TARGET_45)",
					"$(LIBRARY_SEARCH_PATHS_QUOTED_FOR_TARGET_46)",
					"$(LIBRARY_SEARCH_PATHS_QUOTED_FOR_TARGET_47)",
					"$(LIBRARY_SEARCH_PATHS_QUOTED_FOR_TARGET_48)",
					"$(LIBRARY_SEARCH_PATHS_QUOTED_FOR_TARGET_49)",
					"$(LIBRARY_SEARCH_PATHS_QUOTED_FOR_TARGET_50)",
					"$(LIBRARY_SEARCH_PATHS_QUOTED_FOR_TARGET_51)",
					"$(LIBRARY_SEARCH_PATHS_QUOTED_FOR_TARGET_52)",
					/Users/tado/Documents/of_v0.8.4_osx_release/addons/ofxOpenNI/mac/copy_to_data_openni_path/lib,
					/Users/tado/Documents/of_v0.8.4_osx_release/addons/ofxOpenNI/win/copy_to_data_openni_path/lib,
					"$(BUILT_PRODUCTS_DIR)data/openni/lib",
				);
				PRODUCT_NAME = "$(TARGET_NAME)Debug";
				WRAPPER_EXTENSION = app;
			};
			name = Debug;
		};
		E4B69B610A3A1757003C02F2 /* Release */ = {
			isa = XCBuildConfiguration;
			buildSettings = {
				COMBINE_HIDPI_IMAGES = YES;
				COPY_PHASE_STRIP = YES;
				FRAMEWORK_SEARCH_PATHS = (
					"$(inherited)",
					"$(FRAMEWORK_SEARCH_PATHS_QUOTED_FOR_TARGET_1)",
				);
				FRAMEWORK_SEARCH_PATHS_QUOTED_FOR_TARGET_1 = "\"$(SRCROOT)/../../../libs/glut/lib/osx\"";
				GCC_GENERATE_DEBUGGING_SYMBOLS = YES;
				GCC_MODEL_TUNING = NONE;
				ICON = "$(ICON_NAME_RELEASE)";
				ICON_FILE = "$(ICON_FILE_PATH)$(ICON)";
				INFOPLIST_FILE = "openFrameworks-Info.plist";
				INSTALL_PATH = "$(HOME)/Applications";
				LIBRARY_SEARCH_PATHS = (
					"$(inherited)",
					"$(LIBRARY_SEARCH_PATHS_QUOTED_FOR_TARGET_1)",
					"$(LIBRARY_SEARCH_PATHS_QUOTED_FOR_TARGET_2)",
					"$(LIBRARY_SEARCH_PATHS_QUOTED_FOR_TARGET_3)",
					"$(LIBRARY_SEARCH_PATHS_QUOTED_FOR_TARGET_4)",
					"$(LIBRARY_SEARCH_PATHS_QUOTED_FOR_TARGET_5)",
					"$(LIBRARY_SEARCH_PATHS_QUOTED_FOR_TARGET_6)",
					"$(LIBRARY_SEARCH_PATHS_QUOTED_FOR_TARGET_7)",
					"$(LIBRARY_SEARCH_PATHS_QUOTED_FOR_TARGET_8)",
					"$(LIBRARY_SEARCH_PATHS_QUOTED_FOR_TARGET_9)",
					"$(LIBRARY_SEARCH_PATHS_QUOTED_FOR_TARGET_10)",
					"$(LIBRARY_SEARCH_PATHS_QUOTED_FOR_TARGET_11)",
					"$(LIBRARY_SEARCH_PATHS_QUOTED_FOR_TARGET_12)",
					"$(LIBRARY_SEARCH_PATHS_QUOTED_FOR_TARGET_13)",
					"$(LIBRARY_SEARCH_PATHS_QUOTED_FOR_TARGET_14)",
					"$(LIBRARY_SEARCH_PATHS_QUOTED_FOR_TARGET_15)",
					"$(LIBRARY_SEARCH_PATHS_QUOTED_FOR_TARGET_2)",
					"$(LIBRARY_SEARCH_PATHS_QUOTED_1)",
					"$(LIBRARY_SEARCH_PATHS_QUOTED_FOR_TARGET_3)",
					"$(LIBRARY_SEARCH_PATHS_QUOTED_FOR_TARGET_7)",
					"$(LIBRARY_SEARCH_PATHS_QUOTED_FOR_TARGET_8)",
					"$(LIBRARY_SEARCH_PATHS_QUOTED_FOR_TARGET_9)",
					"$(LIBRARY_SEARCH_PATHS_QUOTED_FOR_TARGET_10)",
					"$(LIBRARY_SEARCH_PATHS_QUOTED_FOR_TARGET_11)",
					"$(LIBRARY_SEARCH_PATHS_QUOTED_FOR_TARGET_12)",
					"$(LIBRARY_SEARCH_PATHS_QUOTED_FOR_TARGET_13)",
					"$(LIBRARY_SEARCH_PATHS_QUOTED_FOR_TARGET_16)",
					"$(LIBRARY_SEARCH_PATHS_QUOTED_FOR_TARGET_17)",
					"$(LIBRARY_SEARCH_PATHS_QUOTED_FOR_TARGET_18)",
					"$(LIBRARY_SEARCH_PATHS_QUOTED_FOR_TARGET_19)",
					"$(LIBRARY_SEARCH_PATHS_QUOTED_FOR_TARGET_20)",
					"$(LIBRARY_SEARCH_PATHS_QUOTED_FOR_TARGET_21)",
					"$(LIBRARY_SEARCH_PATHS_QUOTED_FOR_TARGET_22)",
					"$(LIBRARY_SEARCH_PATHS_QUOTED_FOR_TARGET_23)",
					"$(LIBRARY_SEARCH_PATHS_QUOTED_FOR_TARGET_24)",
					"$(LIBRARY_SEARCH_PATHS_QUOTED_FOR_TARGET_25)",
					"$(LIBRARY_SEARCH_PATHS_QUOTED_FOR_TARGET_26)",
					"$(LIBRARY_SEARCH_PATHS_QUOTED_FOR_TARGET_27)",
					"$(LIBRARY_SEARCH_PATHS_QUOTED_FOR_TARGET_28)",
					"$(LIBRARY_SEARCH_PATHS_QUOTED_FOR_TARGET_29)",
					"$(LIBRARY_SEARCH_PATHS_QUOTED_FOR_TARGET_30)",
					"$(LIBRARY_SEARCH_PATHS_QUOTED_FOR_TARGET_31)",
					"$(LIBRARY_SEARCH_PATHS_QUOTED_FOR_TARGET_32)",
					"$(LIBRARY_SEARCH_PATHS_QUOTED_FOR_TARGET_33)",
					"$(LIBRARY_SEARCH_PATHS_QUOTED_FOR_TARGET_34)",
					"$(LIBRARY_SEARCH_PATHS_QUOTED_FOR_TARGET_35)",
					"$(LIBRARY_SEARCH_PATHS_QUOTED_FOR_TARGET_36)",
					"$(LIBRARY_SEARCH_PATHS_QUOTED_FOR_TARGET_37)",
					"$(LIBRARY_SEARCH_PATHS_QUOTED_FOR_TARGET_38)",
					"$(LIBRARY_SEARCH_PATHS_QUOTED_FOR_TARGET_39)",
					"$(LIBRARY_SEARCH_PATHS_QUOTED_FOR_TARGET_40)",
					"$(LIBRARY_SEARCH_PATHS_QUOTED_FOR_TARGET_41)",
					"$(LIBRARY_SEARCH_PATHS_QUOTED_FOR_TARGET_42)",
					"$(LIBRARY_SEARCH_PATHS_QUOTED_FOR_TARGET_43)",
					"$(LIBRARY_SEARCH_PATHS_QUOTED_FOR_TARGET_44)",
					"$(LIBRARY_SEARCH_PATHS_QUOTED_FOR_TARGET_45)",
					"$(LIBRARY_SEARCH_PATHS_QUOTED_FOR_TARGET_46)",
					"$(LIBRARY_SEARCH_PATHS_QUOTED_FOR_TARGET_47)",
					"$(LIBRARY_SEARCH_PATHS_QUOTED_FOR_TARGET_48)",
					"$(LIBRARY_SEARCH_PATHS_QUOTED_FOR_TARGET_49)",
					"$(LIBRARY_SEARCH_PATHS_QUOTED_FOR_TARGET_50)",
					"$(LIBRARY_SEARCH_PATHS_QUOTED_FOR_TARGET_51)",
					/Users/tado/Documents/of_v0.8.4_osx_release/addons/ofxOpenNI/mac/copy_to_data_openni_path/lib,
					/Users/tado/Documents/of_v0.8.4_osx_release/addons/ofxOpenNI/win/copy_to_data_openni_path/lib,
					"$(BUILT_PRODUCTS_DIR)data/openni/lib",
				);
				PRODUCT_NAME = "$(TARGET_NAME)";
				WRAPPER_EXTENSION = app;
			};
			name = Release;
		};
/* End XCBuildConfiguration section */

/* Begin XCConfigurationList section */
		E4B69B4D0A3A1720003C02F2 /* Build configuration list for PBXProject "emptyExample" */ = {
			isa = XCConfigurationList;
			buildConfigurations = (
				E4B69B4E0A3A1720003C02F2 /* Debug */,
				E4B69B4F0A3A1720003C02F2 /* Release */,
			);
			defaultConfigurationIsVisible = 0;
			defaultConfigurationName = Release;
		};
		E4B69B5F0A3A1757003C02F2 /* Build configuration list for PBXNativeTarget "emptyExample" */ = {
			isa = XCConfigurationList;
			buildConfigurations = (
				E4B69B600A3A1757003C02F2 /* Debug */,
				E4B69B610A3A1757003C02F2 /* Release */,
			);
			defaultConfigurationIsVisible = 0;
			defaultConfigurationName = Release;
		};
/* End XCConfigurationList section */
	};
	rootObject = E4B69B4C0A3A1720003C02F2 /* Project object */;
}
